{
  "originHash" : "3d12904fedfb17e371966c54e7da3716d1592f003ef9438dc1e537dac2be94ba",
  "pins" : [
    {
      "identity" : "eventsource",
      "kind" : "remoteSourceControl",
      "location" : "https://github.com/mattt/EventSource.git",
      "state" : {
        "revision" : "86b5096ac59ab46e66bd1f6377c604bc1dab0bc2",
        "version" : "1.5.1"
      }
    },
    {
      "identity" : "mlx-swift",
      "kind" : "remoteSourceControl",
      "location" : "https://github.com/ml-explore/mlx-swift.git",
      "state" : {
        "revision" : "0bb916c67f4b9e5c682cbe02a42c701c93ab5021",
        "version" : "0.31.6"
      }
    },
    {
      "identity" : "swift-actor-runtime",
      "kind" : "remoteSourceControl",
      "location" : "https://github.com/1amageek/swift-actor-runtime.git",
      "state" : {
        "revision" : "907a6a5b9a93ad7d0eafe163d6d620c69e59387c",
        "version" : "0.6.1"
      }
    },
    {
      "identity" : "swift-argument-parser",
      "kind" : "remoteSourceControl",
      "location" : "https://github.com/apple/swift-argument-parser.git",
      "state" : {
        "revision" : "6a52f3251125d74daf04fcbd5e6f08a75d074382",
        "version" : "1.8.2"
      }
    },
    {
      "identity" : "swift-atomics",
      "kind" : "remoteSourceControl",
      "location" : "https://github.com/apple/swift-atomics.git",
      "state" : {
        "revision" : "0442cb5a3f98ab802acb777929fdb446bda11a34",
        "version" : "1.3.1"
      }
    },
    {
      "identity" : "swift-collections",
      "kind" : "remoteSourceControl",
      "location" : "https://github.com/apple/swift-collections.git",
      "state" : {
        "revision" : "a0cb0954ecb21e4e31b0070e6ed5674e8556685a",
        "version" : "1.6.0"
      }
    },
    {
      "identity" : "swift-crypto",
      "kind" : "remoteSourceControl",
      "location" : "https://github.com/1amageek/swift-crypto.git",
      "state" : {
        "revision" : "18c5cc1698275eaffc1e77f79bb1d9eb6308d970",
        "version" : "4.5.4"
      }
    },
    {
      "identity" : "swift-distributed-tracing",
      "kind" : "remoteSourceControl",
      "location" : "https://github.com/apple/swift-distributed-tracing.git",
      "state" : {
        "revision" : "cc504a45f6ce73ce6067837d7ac19fa67b229a56",
        "version" : "1.5.0"
      }
    },
    {
      "identity" : "swift-jinja",
      "kind" : "remoteSourceControl",
      "location" : "https://github.com/huggingface/swift-jinja.git",
      "state" : {
        "revision" : "4588064a20f3fc093c95f2f7d3359999bf30cae5",
        "version" : "2.5.1"
      }
    },
    {
      "identity" : "swift-libp2p",
      "kind" : "remoteSourceControl",
      "location" : "https://github.com/1amageek/swift-libp2p.git",
      "state" : {
        "revision" : "0851ac2356a5d31fe07a10f93ff4188bb3c3d357",
        "version" : "0.5.0"
      }
    },
    {
      "identity" : "swift-log",
      "kind" : "remoteSourceControl",
      "location" : "https://github.com/apple/swift-log.git",
      "state" : {
        "revision" : "9c6fb14227f55d8f711ce3847dc2f419fb0ecacb",
        "version" : "1.15.1"
      }
    },
    {
      "identity" : "swift-mdns",
      "kind" : "remoteSourceControl",
      "location" : "https://github.com/1amageek/swift-mDNS.git",
      "state" : {
        "revision" : "ed2f125c92e8de7e4302cd051a48cc35d02fe83d",
        "version" : "2.0.0"
      }
    },
    {
      "identity" : "swift-metrics",
      "kind" : "remoteSourceControl",
      "location" : "https://github.com/apple/swift-metrics.git",
      "state" : {
        "revision" : "087e8074afa97040c3b870c8664fe5482fb87cc4",
        "version" : "2.11.0"
      }
    },
    {
      "identity" : "swift-networking",
      "kind" : "remoteSourceControl",
      "location" : "https://github.com/1amageek/swift-networking.git",
      "state" : {
        "revision" : "c5da46c2ab2fd1244b40a208cd1fa406ead43dca",
        "version" : "0.1.0"
      }
    },
    {
      "identity" : "swift-nio",
      "kind" : "remoteSourceControl",
      "location" : "https://github.com/apple/swift-nio.git",
      "state" : {
        "revision" : "21de5f08c1a166a6dd293d0e587ad977bf8dac5d",
        "version" : "2.103.0"
      }
    },
    {
      "identity" : "swift-nio-udp",
      "kind" : "remoteSourceControl",
      "location" : "https://github.com/1amageek/swift-nio-udp.git",
      "state" : {
        "revision" : "ba5875d1fd2930dcbc2b1bd45cf96379800a71a5",
        "version" : "1.1.5"
      }
    },
    {
      "identity" : "swift-numerics",
      "kind" : "remoteSourceControl",
      "location" : "https://github.com/apple/swift-numerics",
      "state" : {
        "revision" : "0c0290ff6b24942dadb83a929ffaaa1481df04a2",
        "version" : "1.1.1"
      }
    },
    {
      "identity" : "swift-peer-connectivity",
      "kind" : "remoteSourceControl",
      "location" : "https://github.com/1amageek/swift-peer-connectivity.git",
      "state" : {
        "revision" : "04aaa3e76da43e869a3b19a4d72e23ec3cb2d56b",
        "version" : "0.3.0"
      }
    },
    {
      "identity" : "swift-quic",
      "kind" : "remoteSourceControl",
      "location" : "https://github.com/1amageek/swift-quic.git",
      "state" : {
        "revision" : "2368f5e1d5148c25d3cf4e7fb414df1467491677",
        "version" : "2.0.2"
      }
    },
    {
      "identity" : "swift-sdk",
      "kind" : "remoteSourceControl",
      "location" : "https://github.com/modelcontextprotocol/swift-sdk.git",
      "state" : {
        "revision" : "a0ae212ebf6eab5f754c3129608bc5557637e605",
        "version" : "0.12.1"
      }
    },
    {
      "identity" : "swift-service-context",
      "kind" : "remoteSourceControl",
      "location" : "https://github.com/apple/swift-service-context.git",
      "state" : {
        "revision" : "d0997351b0c7779017f88e7a93bc30a1878d7f29",
        "version" : "1.3.0"
      }
    },
    {
      "identity" : "swift-skills",
      "kind" : "remoteSourceControl",
      "location" : "https://github.com/1amageek/swift-skills.git",
      "state" : {
        "revision" : "61c4bda16cb04d7e7fa54623c19297833c720bda",
        "version" : "0.2.1"
      }
    },
    {
      "identity" : "swift-ssl",
      "kind" : "remoteSourceControl",
      "location" : "https://github.com/1amageek/swift-ssl.git",
      "state" : {
        "revision" : "045d6c1ccffd5adc7f2da2fd748de86f05bbde9b",
        "version" : "0.4.0"
      }
    },
    {
      "identity" : "swift-swim",
      "kind" : "remoteSourceControl",
      "location" : "https://github.com/1amageek/swift-SWIM.git",
      "state" : {
        "revision" : "27cbfc47fd2570aa79c5976ae5f842bf99e48073",
        "version" : "2.0.0"
      }
    },
    {
      "identity" : "swift-syntax",
      "kind" : "remoteSourceControl",
      "location" : "https://github.com/swiftlang/swift-syntax.git",
      "state" : {
        "revision" : "4799286537280063c85a32f09884cfbca301b1a1",
        "version" : "602.0.0"
      }
    },
    {
      "identity" : "swift-system",
      "kind" : "remoteSourceControl",
      "location" : "https://github.com/apple/swift-system.git",
      "state" : {
        "revision" : "869129b7bf4ecc57b97d0193ad29690ca2134750",
        "version" : "1.8.1"
      }
    },
    {
      "identity" : "swift-tls",
      "kind" : "remoteSourceControl",
      "location" : "https://github.com/1amageek/swift-tls.git",
      "state" : {
        "revision" : "cbb2f5b3e3355c51cfea2edc6a8282fed16e790d",
        "version" : "2.1.0"
      }
    },
    {
      "identity" : "swift-webrtc",
      "kind" : "remoteSourceControl",
      "location" : "https://github.com/1amageek/swift-webrtc.git",
      "state" : {
        "revision" : "f35ac95e4e743b1fb6be50c184e7d3691ef7ddb1",
        "version" : "3.0.0"
      }
    },
    {
      "identity" : "swift-yaml",
      "kind" : "remoteSourceControl",
      "location" : "https://github.com/1amageek/swift-yaml.git",
      "state" : {
        "revision" : "8a33d36bca390d9518d5f7e483cbbaa011da5f76",
        "version" : "1.0.1"
      }
    },
    {
      "identity" : "swiftagent",
      "kind" : "remoteSourceControl",
      "location" : "https://github.com/1amageek/SwiftAgent.git",
      "state" : {
        "revision" : "87e379d795b67b3e84ae85b3074e687d0736ed00",
        "version" : "2.0.1"
      }
    }
  ],
  "version" : 3
}
